
Microsoft Visual Studio Solution File, Format Version 12.00
# Visual Studio Version 17
VisualStudioVersion = 17.14.36705.20 d17.14
MinimumVisualStudioVersion = 10.0.40219.1
Project("{E24C65DC-7377-472B-9ABA-BC803B73C61A}") = "mywebsite1", "mywebsite1\", "{D58405D6-162B-C663-7F75-464765C269BA}"
	ProjectSection(WebsiteProperties) = preProject
		TargetFrameworkMoniker = ".NETFramework,Version%3Dv4.7.2"
		Debug.AspNetCompiler.VirtualPath = "/localhost_50116"
		Debug.AspNetCompiler.PhysicalPath = "mywebsite1\"
		Debug.AspNetCompiler.TargetPath = "PrecompiledWeb\localhost_50116\"
		Debug.AspNetCompiler.Updateable = "true"
		Debug.AspNetCompiler.ForceOverwrite = "true"
		Debug.AspNetCompiler.FixedNames = "false"
		Debug.AspNetCompiler.Debug = "True"
		Release.AspNetCompiler.VirtualPath = "/localhost_50116"
		Release.AspNetCompiler.PhysicalPath = "mywebsite1\"
		Release.AspNetCompiler.TargetPath = "PrecompiledWeb\localhost_50116\"
		Release.AspNetCompiler.Updateable = "true"
		Release.AspNetCompiler.ForceOverwrite = "true"
		Release.AspNetCompiler.FixedNames = "false"
		Release.AspNetCompiler.Debug = "False"
		VWDPort = "50116"
		SlnRelativePath = "mywebsite1\"
		DefaultWebSiteLanguage = "Visual C#"
	EndProjectSection
EndProject
Global
	GlobalSection(SolutionConfigurationPlatforms) = preSolution
		Debug|Any CPU = Debug|Any CPU
	EndGlobalSection
	GlobalSection(ProjectConfigurationPlatforms) = postSolution
		{D58405D6-162B-C663-7F75-464765C269BA}.Debug|Any CPU.ActiveCfg = Debug|Any CPU
		{D58405D6-162B-C663-7F75-464765C269BA}.Debug|Any CPU.Build.0 = Debug|Any CPU
	EndGlobalSection
	GlobalSection(SolutionProperties) = preSolution
		HideSolutionNode = FALSE
	EndGlobalSection
	GlobalSection(ExtensibilityGlobals) = postSolution
		SolutionGuid = {1D4E76AF-0724-4828-8A08-DD205CD54331}
	EndGlobalSection
EndGlobal
